// !$*UTF8*$!
{
	archiveVersion = 1;
	classes = {
	};
	objectVersion = 77;
	objects = {

/* Begin PBXContainerItemProxy section */
		D12B4BDD2E36D61A00B6E1A5 /* PBXContainerItemProxy */ = {
			isa = PBXContainerItemProxy;
			containerPortal = D12B4BC72E36D61900B6E1A5 /* Project object */;
			proxyType = 1;
			remoteGlobalIDString = D12B4BCE2E36D61900B6E1A5;
			remoteInfo = Twogether;
		};
		D12B4BE72E36D61A00B6E1A5 /* PBXContainerItemProxy */ = {
			isa = PBXContainerItemProxy;
			containerPortal = D12B4BC72E36D61900B6E1A5 /* Project object */;
			proxyType = 1;
			remoteGlobalIDString = D12B4BCE2E36D61900B6E1A5;
			remoteInfo = Twogether;
		};
/* End PBXContainerItemProxy section */

/* Begin PBXFileReference section */
		D12B4BCF2E36D61900B6E1A5 /* Twogether.app */ = {isa = PBXFileReference; explicitFileType = wrapper.application; includeInIndex = 0; path = Twogether.app; sourceTree = BUILT_PRODUCTS_DIR; };
		D12B4BDC2E36D61A00B6E1A5 /* TwogetherTests.xctest */ = {isa = PBXFileReference; explicitFileType = wrapper.cfbundle; includeInIndex = 0; path = TwogetherTests.xctest; sourceTree = BUILT_PRODUCTS_DIR; };
		D12B4BE62E36D61A00B6E1A5 /* TwogetherUITests.xctest */ = {isa = PBXFileReference; explicitFileType = wrapper.cfbundle; includeInIndex = 0; path = TwogetherUITests.xctest; sourceTree = BUILT_PRODUCTS_DIR; };
/* End PBXFileReference section */

/* Begin PBXFileSystemSynchronizedRootGroup section */
		D12B4BD12E36D61900B6E1A5 /* Twogether */ = {
			isa = PBXFileSystemSynchronizedRootGroup;
			path = Twogether;
			sourceTree = "<group>";
		};
		D12B4BDF2E36D61A00B6E1A5 /* TwogetherTests */ = {
			isa = PBXFileSystemSynchronizedRootGroup;
			path = TwogetherTests;
			sourceTree = "<group>";
		};
		D12B4BE92E36D61A00B6E1A5 /* TwogetherUITests */ = {
			isa = PBXFileSystemSynchronizedRootGroup;
			path = TwogetherUITests;
			sourceTree = "<group>";
		};
/* End PBXFileSystemSynchronizedRootGroup section */

/* Begin PBXFrameworksBuildPhase section */
		D12B4BCC2E36D61900B6E1A5 /* Frameworks */ = {
			isa = PBXFrameworksBuildPhase;
			buildActionMask = 2147483647;
			files = (
			);
			runOnlyForDeploymentPostprocessing = 0;
		};
		D12B4BD92E36D61A00B6E1A5 /* Frameworks */ = {
			isa = PBXFrameworksBuildPhase;
			buildActionMask = 2147483647;
			files = (
			);
			runOnlyForDeploymentPostprocessing = 0;
		};
		D12B4BE32E36D61A00B6E1A5 /* Frameworks */ = {
			isa = PBXFrameworksBuildPhase;
			buildActionMask = 2147483647;
			files = (
			);
			runOnlyForDeploymentPostprocessing = 0;
		};
/* End PBXFrameworksBuildPhase section */

/* Begin PBXGroup section */
		D12B4BC62E36D61900B6E1A5 = {
			isa = PBXGroup;
			children = (
				D12B4BD12E36D61900B6E1A5 /* Twogether */,
				D12B4BDF2E36D61A00B6E1A5 /* TwogetherTests */,
				D12B4BE92E36D61A00B6E1A5 /* TwogetherUITests */,
				D12B4BD02E36D61900B6E1A5 /* Products */,
			);
			sourceTree = "<group>";
		};
		D12B4BD02E36D61900B6E1A5 /* Products */ = {
			isa = PBXGroup;
			children = (
				D12B4BCF2E36D61900B6E1A5 /* Twogether.app */,
				D12B4BDC2E36D61A00B6E1A5 /* TwogetherTests.xctest */,
				D12B4BE62E36D61A00B6E1A5 /* TwogetherUITests.xctest */,
			);
			name = Products;
			sourceTree = "<group>";
		};
/* End PBXGroup section */

/* Begin PBXNativeTarget section */
		D12B4BCE2E36D61900B6E1A5 /* Twogether */ = {
			isa = PBXNativeTarget;
			buildConfigurationList = D12B4BF02E36D61A00B6E1A5 /* Build configuration list for PBXNativeTarget "Twogether" */;
			buildPhases = (
				D12B4BCB2E36D61900B6E1A5 /* Sources */,
				D12B4BCC2E36D61900B6E1A5 /* Frameworks */,
				D12B4BCD2E36D61900B6E1A5 /* Resources */,
			);
			buildRules = (
			);
			dependencies = (
			);
			fileSystemSynchronizedGroups = (
				D12B4BD12E36D61900B6E1A5 /* Twogether */,
			);
			name = Twogether;
			packageProductDependencies = (
			);
			productName = Twogether;
			productReference = D12B4BCF2E36D61900B6E1A5 /* Twogether.app */;
			productType = "com.apple.product-type.application";
		};
		D12B4BDB2E36D61A00B6E1A5 /* TwogetherTests */ = {
			isa = PBXNativeTarget;
			buildConfigurationList = D12B4BF32E36D61A00B6E1A5 /* Build configuration list for PBXNativeTarget "TwogetherTests" */;
			buildPhases = (
				D12B4BD82E36D61A00B6E1A5 /* Sources */,
				D12B4BD92E36D61A00B6E1A5 /* Frameworks */,
				D12B4BDA2E36D61A00B6E1A5 /* Resources */,
			);
			buildRules = (
			);
			dependencies = (
				D12B4BDE2E36D61A00B6E1A5 /* PBXTargetDependency */,
			);
			fileSystemSynchronizedGroups = (
				D12B4BDF2E36D61A00B6E1A5 /* TwogetherTests */,
			);
			name = TwogetherTests;
			packageProductDependencies = (
			);
			productName = TwogetherTests;
			productReference = D12B4BDC2E36D61A00B6E1A5 /* TwogetherTests.xctest */;
			productType = "com.apple.product-type.bundle.unit-test";
		};
		D12B4BE52E36D61A00B6E1A5 /* TwogetherUITests */ = {
			isa = PBXNativeTarget;
			buildConfigurationList = D12B4BF62E36D61A00B6E1A5 /* Build configuration list for PBXNativeTarget "TwogetherUITests" */;
			buildPhases = (
				D12B4BE22E36D61A00B6E1A5 /* Sources */,
				D12B4BE32E36D61A00B6E1A5 /* Frameworks */,
				D12B4BE42E36D61A00B6E1A5 /* Resources */,
			);
			buildRules = (
			);
			dependencies = (
				D12B4BE82E36D61A00B6E1A5 /* PBXTargetDependency */,
			);
			fileSystemSynchronizedGroups = (
				D12B4BE92E36D61A00B6E1A5 /* TwogetherUITests */,
			);
			name = TwogetherUITests;
			packageProductDependencies = (
			);
			productName = TwogetherUITests;
			productReference = D12B4BE62E36D61A00B6E1A5 /* TwogetherUITests.xctest */;
			productType = "com.apple.product-type.bundle.ui-testing";
		};
/* End PBXNativeTarget section */

/* Begin PBXProject section */
		D12B4BC72E36D61900B6E1A5 /* Project object */ = {
			isa = PBXProject;
			attributes = {
				BuildIndependentTargetsInParallel = 1;
				LastSwiftUpdateCheck = 1640;
				LastUpgradeCheck = 1640;
				TargetAttributes = {
					D12B4BCE2E36D61900B6E1A5 = {
						CreatedOnToolsVersion = 16.4;
					};
					D12B4BDB2E36D61A00B6E1A5 = {
						CreatedOnToolsVersion = 16.4;
						TestTargetID = D12B4BCE2E36D61900B6E1A5;
					};
					D12B4BE52E36D61A00B6E1A5 = {
						CreatedOnToolsVersion = 16.4;
						TestTargetID = D12B4BCE2E36D61900B6E1A5;
					};
				};
			};
			buildConfigurationList = D12B4BCA2E36D61900B6E1A5 /* Build configuration list for PBXProject "Twogether" */;
			developmentRegion = en;
			hasScannedForEncodings = 0;
			knownRegions = (
				en,
				Base,
			);
			mainGroup = D12B4BC62E36D61900B6E1A5;
			minimizedProjectReferenceProxies = 1;
			preferredProjectObjectVersion = 77;
			productRefGroup = D12B4BD02E36D61900B6E1A5 /* Products */;
			projectDirPath = "";
			projectRoot = "";
			targets = (
				D12B4BCE2E36D61900B6E1A5 /* Twogether */,
				D12B4BDB2E36D61A00B6E1A5 /* TwogetherTests */,
				D12B4BE52E36D61A00B6E1A5 /* TwogetherUITests */,
			);
		};
/* End PBXProject section */

/* Begin PBXResourcesBuildPhase section */
		D12B4BCD2E36D61900B6E1A5 /* Resources */ = {
			isa = PBXResourcesBuildPhase;
			buildActionMask = 2147483647;
			files = (
			);
			runOnlyForDeploymentPostprocessing = 0;
		};
		D12B4BDA2E36D61A00B6E1A5 /* Resources */ = {
			isa = PBXResourcesBuildPhase;
			buildActionMask = 2147483647;
			files = (
			);
			runOnlyForDeploymentPostprocessing = 0;
		};
		D12B4BE42E36D61A00B6E1A5 /* Resources */ = {
			isa = PBXResourcesBuildPhase;
			buildActionMask = 2147483647;
			files = (
			);
			runOnlyForDeploymentPostprocessing = 0;
		};
/* End PBXResourcesBuildPhase section */

/* Begin PBXSourcesBuildPhase section */
		D12B4BCB2E36D61900B6E1A5 /* Sources */ = {
			isa = PBXSourcesBuildPhase;
			buildActionMask = 2147483647;
			files = (
			);
			runOnlyForDeploymentPostprocessing = 0;
		};
		D12B4BD82E36D61A00B6E1A5 /* Sources */ = {
			isa = PBXSourcesBuildPhase;
			buildActionMask = 2147483647;
			files = (
			);
			runOnlyForDeploymentPostprocessing = 0;
		};
		D12B4BE22E36D61A00B6E1A5 /* Sources */ = {
			isa = PBXSourcesBuildPhase;
			buildActionMask = 2147483647;
			files = (
			);
			runOnlyForDeploymentPostprocessing = 0;
		};
/* End PBXSourcesBuildPhase section */

/* Begin PBXTargetDependency section */
		D12B4BDE2E36D61A00B6E1A5 /* PBXTargetDependency */ = {
			isa = PBXTargetDependency;
			target = D12B4BCE2E36D61900B6E1A5 /* Twogether */;
			targetProxy = D12B4BDD2E36D61A00B6E1A5 /* PBXContainerItemProxy */;
		};
		D12B4BE82E36D61A00B6E1A5 /* PBXTargetDependency */ = {
			isa = PBXTargetDependency;
			target = D12B4BCE2E36D61900B6E1A5 /* Twogether */;
			targetProxy = D12B4BE72E36D61A00B6E1A5 /* PBXContainerItemProxy */;
		};
/* End PBXTargetDependency section */

/* Begin XCBuildConfiguration section */
		D12B4BEE2E36D61A00B6E1A5 /* Debug */ = {
			isa = XCBuildConfiguration;
			buildSettings = {
				ALWAYS_SEARCH_USER_PATHS = NO;
				ASSETCATALOG_COMPILER_GENERATE_SWIFT_ASSET_SYMBOL_EXTENSIONS = YES;
				CLANG_ANALYZER_NONNULL = YES;
				CLANG_ANALYZER_NUMBER_OBJECT_CONVERSION = YES_AGGRESSIVE;
				CLANG_CXX_LANGUAGE_STANDARD = "gnu++20";
				CLANG_ENABLE_MODULES = YES;
				CLANG_ENABLE_OBJC_ARC = YES;
				CLANG_ENABLE_OBJC_WEAK = YES;
				CLANG_WARN_BLOCK_CAPTURE_AUTORELEASING = YES;
				CLANG_WARN_BOOL_CONVERSION = YES;
				CLANG_WARN_COMMA = YES;
				CLANG_WARN_CONSTANT_CONVERSION = YES;
				CLANG_WARN_DEPRECATED_OBJC_IMPLEMENTATIONS = YES;
				CLANG_WARN_DIRECT_OBJC_ISA_USAGE = YES_ERROR;
				CLANG_WARN_DOCUMENTATION_COMMENTS = YES;
				CLANG_WARN_EMPTY_BODY = YES;
				CLANG_WARN_ENUM_CONVERSION = YES;
				CLANG_WARN_INFINITE_RECURSION = YES;
				CLANG_WARN_INT_CONVERSION = YES;
				CLANG_WARN_NON_LITERAL_NULL_CONVERSION = YES;
				CLANG_WARN_OBJC_IMPLICIT_RETAIN_SELF = YES;
				CLANG_WARN_OBJC_LITERAL_CONVERSION = YES;
				CLANG_WARN_OBJC_ROOT_CLASS = YES_ERROR;
				CLANG_WARN_QUOTED_INCLUDE_IN_FRAMEWORK_HEADER = YES;
				CLANG_WARN_RANGE_LOOP_ANALYSIS = YES;
				CLANG_WARN_STRICT_PROTOTYPES = YES;
				CLANG_WARN_SUSPICIOUS_MOVE = YES;
				CLANG_WARN_UNGUARDED_AVAILABILITY = YES_AGGRESSIVE;
				CLANG_WARN_UNREACHABLE_CODE = YES;
				CLANG_WARN__DUPLICATE_METHOD_MATCH = YES;
				COPY_PHASE_STRIP = NO;
				DEBUG_INFORMATION_FORMAT = dwarf;
				DEVELOPMENT_TEAM = Z95S7QBSBH;
				ENABLE_STRICT_OBJC_MSGSEND = YES;
				ENABLE_TESTABILITY = YES;
				ENABLE_USER_SCRIPT_SANDBOXING = YES;
				GCC_C_LANGUAGE_STANDARD = gnu17;
				GCC_DYNAMIC_NO_PIC = NO;
				GCC_NO_COMMON_BLOCKS = YES;
				GCC_OPTIMIZATION_LEVEL = 0;
				GCC_PREPROCESSOR_DEFINITIONS = (
					"DEBUG=1",
					"$(inherited)",
				);
				GCC_WARN_64_TO_32_BIT_CONVERSION = YES;
				GCC_WARN_ABOUT_RETURN_TYPE = YES_ERROR;
				GCC_WARN_UNDECLARED_SELECTOR = YES;
				GCC_WARN_UNINITIALIZED_AUTOS = YES_AGGRESSIVE;
				GCC_WARN_UNUSED_FUNCTION = YES;
				GCC_WARN_UNUSED_VARIABLE = YES;
				IPHONEOS_DEPLOYMENT_TARGET = 18.5;
				LOCALIZATION_PREFERS_STRING_CATALOGS = YES;
				MTL_ENABLE_DEBUG_INFO = INCLUDE_SOURCE;
				MTL_FAST_MATH = YES;
				ONLY_ACTIVE_ARCH = YES;
				SDKROOT = iphoneos;
				SWIFT_ACTIVE_COMPILATION_CONDITIONS = "DEBUG $(inherited)";
				SWIFT_OPTIMIZATION_LEVEL = "-Onone";
			};
			name = Debug;
		};
		D12B4BEF2E36D61A00B6E1A5 /* Release */ = {
			isa = XCBuildConfiguration;
			buildSettings = {
				ALWAYS_SEARCH_USER_PATHS = NO;
				ASSETCATALOG_COMPILER_GENERATE_SWIFT_ASSET_SYMBOL_EXTENSIONS = YES;
				CLANG_ANALYZER_NONNULL = YES;
				CLANG_ANALYZER_NUMBER_OBJECT_CONVERSION = YES_AGGRESSIVE;
				CLANG_CXX_LANGUAGE_STANDARD = "gnu++20";
				CLANG_ENABLE_MODULES = YES;
				CLANG_ENABLE_OBJC_ARC = YES;
				CLANG_ENABLE_OBJC_WEAK = YES;
				CLANG_WARN_BLOCK_CAPTURE_AUTORELEASING = YES;
				CLANG_WARN_BOOL_CONVERSION = YES;
				CLANG_WARN_COMMA = YES;
				CLANG_WARN_CONSTANT_CONVERSION = YES;
				CLANG_WARN_DEPRECATED_OBJC_IMPLEMENTATIONS = YES;
				CLANG_WARN_DIRECT_OBJC_ISA_USAGE = YES_ERROR;
				CLANG_WARN_DOCUMENTATION_COMMENTS = YES;
				CLANG_WARN_EMPTY_BODY = YES;
				CLANG_WARN_ENUM_CONVERSION = YES;
				CLANG_WARN_INFINITE_RECURSION = YES;
				CLANG_WARN_INT_CONVERSION = YES;
				CLANG_WARN_NON_LITERAL_NULL_CONVERSION = YES;
				CLANG_WARN_OBJC_IMPLICIT_RETAIN_SELF = YES;
				CLANG_WARN_OBJC_LITERAL_CONVERSION = YES;
				CLANG_WARN_OBJC_ROOT_CLASS = YES_ERROR;
				CLANG_WARN_QUOTED_INCLUDE_IN_FRAMEWORK_HEADER = YES;
				CLANG_WARN_RANGE_LOOP_ANALYSIS = YES;
				CLANG_WARN_STRICT_PROTOTYPES = YES;
				CLANG_WARN_SUSPICIOUS_MOVE = YES;
				CLANG_WARN_UNGUARDED_AVAILABILITY = YES_AGGRESSIVE;
				CLANG_WARN_UNREACHABLE_CODE = YES;
				CLANG_WARN__DUPLICATE_METHOD_MATCH = YES;
				COPY_PHASE_STRIP = NO;
				DEBUG_INFORMATION_FORMAT = "dwarf-with-dsym";
				DEVELOPMENT_TEAM = Z95S7QBSBH;
				ENABLE_NS_ASSERTIONS = NO;
				ENABLE_STRICT_OBJC_MSGSEND = YES;
				ENABLE_USER_SCRIPT_SANDBOXING = YES;
				GCC_C_LANGUAGE_STANDARD = gnu17;
				GCC_NO_COMMON_BLOCKS = YES;
				GCC_WARN_64_TO_32_BIT_CONVERSION = YES;
				GCC_WARN_ABOUT_RETURN_TYPE = YES_ERROR;
				GCC_WARN_UNDECLARED_SELECTOR = YES;
				GCC_WARN_UNINITIALIZED_AUTOS = YES_AGGRESSIVE;
				GCC_WARN_UNUSED_FUNCTION = YES;
				GCC_WARN_UNUSED_VARIABLE = YES;
				IPHONEOS_DEPLOYMENT_TARGET = 18.5;
				LOCALIZATION_PREFERS_STRING_CATALOGS = YES;
				MTL_ENABLE_DEBUG_INFO = NO;
				MTL_FAST_MATH = YES;
				SDKROOT = iphoneos;
				SWIFT_COMPILATION_MODE = wholemodule;
				VALIDATE_PRODUCT = YES;
			};
			name = Release;
		};
		D12B4BF12E36D61A00B6E1A5 /* Debug */ = {
			isa = XCBuildConfiguration;
			buildSettings = {
				ASSETCATALOG_COMPILER_APPICON_NAME = AppIcon;
				ASSETCATALOG_COMPILER_GLOBAL_ACCENT_COLOR_NAME = AccentColor;
				CODE_SIGN_STYLE = Automatic;
				CURRENT_PROJECT_VERSION = 1;
				DEVELOPMENT_TEAM = Z95S7QBSBH;
				ENABLE_PREVIEWS = YES;
				GENERATE_INFOPLIST_FILE = YES;
				INFOPLIST_KEY_UIApplicationSceneManifest_Generation = YES;
				INFOPLIST_KEY_UIApplicationSupportsIndirectInputEvents = YES;
				INFOPLIST_KEY_UILaunchScreen_Generation = YES;
				INFOPLIST_KEY_UISupportedInterfaceOrientations_iPad = "UIInterfaceOrientationPortrait UIInterfaceOrientationPortraitUpsideDown UIInterfaceOrientationLandscapeLeft UIInterfaceOrientationLandscapeRight";
				INFOPLIST_KEY_UISupportedInterfaceOrientations_iPhone = "UIInterfaceOrientationPortrait UIInterfaceOrientationLandscapeLeft UIInterfaceOrientationLandscapeRight";
				LD_RUNPATH_SEARCH_PATHS = (
					"$(inherited)",
					"@executable_path/Frameworks",
				);
				MARKETING_VERSION = 1.0;
				PRODUCT_BUNDLE_IDENTIFIER = LittleMountainStudio.Twogether;
				PRODUCT_NAME = "$(TARGET_NAME)";
				SWIFT_EMIT_LOC_STRINGS = YES;
				SWIFT_VERSION = 5.0;
				TARGETED_DEVICE_FAMILY = "1,2";
			};
			name = Debug;
		};
		D12B4BF22E36D61A00B6E1A5 /* Release */ = {
			isa = XCBuildConfiguration;
			buildSettings = {
				ASSETCATALOG_COMPILER_APPICON_NAME = AppIcon;
				ASSETCATALOG_COMPILER_GLOBAL_ACCENT_COLOR_NAME = AccentColor;
				CODE_SIGN_STYLE = Automatic;
				CURRENT_PROJECT_VERSION = 1;
				DEVELOPMENT_TEAM = Z95S7QBSBH;
				ENABLE_PREVIEWS = YES;
				GENERATE_INFOPLIST_FILE = YES;
				INFOPLIST_KEY_UIApplicationSceneManifest_Generation = YES;
				INFOPLIST_KEY_UIApplicationSupportsIndirectInputEvents = YES;
				INFOPLIST_KEY_UILaunchScreen_Generation = YES;
				INFOPLIST_KEY_UISupportedInterfaceOrientations_iPad = "UIInterfaceOrientationPortrait UIInterfaceOrientationPortraitUpsideDown UIInterfaceOrientationLandscapeLeft UIInterfaceOrientationLandscapeRight";
				INFOPLIST_KEY_UISupportedInterfaceOrientations_iPhone = "UIInterfaceOrientationPortrait UIInterfaceOrientationLandscapeLeft UIInterfaceOrientationLandscapeRight";
				LD_RUNPATH_SEARCH_PATHS = (
					"$(inherited)",
					"@executable_path/Frameworks",
				);
				MARKETING_VERSION = 1.0;
				PRODUCT_BUNDLE_IDENTIFIER = LittleMountainStudio.Twogether;
				PRODUCT_NAME = "$(TARGET_NAME)";
				SWIFT_EMIT_LOC_STRINGS = YES;
				SWIFT_VERSION = 5.0;
				TARGETED_DEVICE_FAMILY = "1,2";
			};
			name = Release;
		};
		D12B4BF42E36D61A00B6E1A5 /* Debug */ = {
			isa = XCBuildConfiguration;
			buildSettings = {
				BUNDLE_LOADER = "$(TEST_HOST)";
				CODE_SIGN_STYLE = Automatic;
				CURRENT_PROJECT_VERSION = 1;
				DEVELOPMENT_TEAM = Z95S7QBSBH;
				GENERATE_INFOPLIST_FILE = YES;
				IPHONEOS_DEPLOYMENT_TARGET = 18.5;
				MARKETING_VERSION = 1.0;
				PRODUCT_BUNDLE_IDENTIFIER = LittleMountainStudio.TwogetherTests;
				PRODUCT_NAME = "$(TARGET_NAME)";
				SWIFT_EMIT_LOC_STRINGS = NO;
				SWIFT_VERSION = 5.0;
				TARGETED_DEVICE_FAMILY = "1,2";
				TEST_HOST = "$(BUILT_PRODUCTS_DIR)/Twogether.app/$(BUNDLE_EXECUTABLE_FOLDER_PATH)/Twogether";
			};
			name = Debug;
		};
		D12B4BF52E36D61A00B6E1A5 /* Release */ = {
			isa = XCBuildConfiguration;
			buildSettings = {
				BUNDLE_LOADER = "$(TEST_HOST)";
				CODE_SIGN_STYLE = Automatic;
				CURRENT_PROJECT_VERSION = 1;
				DEVELOPMENT_TEAM = Z95S7QBSBH;
				GENERATE_INFOPLIST_FILE = YES;
				IPHONEOS_DEPLOYMENT_TARGET = 18.5;
				MARKETING_VERSION = 1.0;
				PRODUCT_BUNDLE_IDENTIFIER = LittleMountainStudio.TwogetherTests;
				PRODUCT_NAME = "$(TARGET_NAME)";
				SWIFT_EMIT_LOC_STRINGS = NO;
				SWIFT_VERSION = 5.0;
				TARGETED_DEVICE_FAMILY = "1,2";
				TEST_HOST = "$(BUILT_PRODUCTS_DIR)/Twogether.app/$(BUNDLE_EXECUTABLE_FOLDER_PATH)/Twogether";
			};
			name = Release;
		};
		D12B4BF72E36D61A00B6E1A5 /* Debug */ = {
			isa = XCBuildConfiguration;
			buildSettings = {
				CODE_SIGN_STYLE = Automatic;
				CURRENT_PROJECT_VERSION = 1;
				DEVELOPMENT_TEAM = Z95S7QBSBH;
				GENERATE_INFOPLIST_FILE = YES;
				MARKETING_VERSION = 1.0;
				PRODUCT_BUNDLE_IDENTIFIER = LittleMountainStudio.TwogetherUITests;
				PRODUCT_NAME = "$(TARGET_NAME)";
				SWIFT_EMIT_LOC_STRINGS = NO;
				SWIFT_VERSION = 5.0;
				TARGETED_DEVICE_FAMILY = "1,2";
				TEST_TARGET_NAME = Twogether;
			};
			name = Debug;
		};
		D12B4BF82E36D61A00B6E1A5 /* Release */ = {
			isa = XCBuildConfiguration;
			buildSettings = {
				CODE_SIGN_STYLE = Automatic;
				CURRENT_PROJECT_VERSION = 1;
				DEVELOPMENT_TEAM = Z95S7QBSBH;
				GENERATE_INFOPLIST_FILE = YES;
				MARKETING_VERSION = 1.0;
				PRODUCT_BUNDLE_IDENTIFIER = LittleMountainStudio.TwogetherUITests;
				PRODUCT_NAME = "$(TARGET_NAME)";
				SWIFT_EMIT_LOC_STRINGS = NO;
				SWIFT_VERSION = 5.0;
				TARGETED_DEVICE_FAMILY = "1,2";
				TEST_TARGET_NAME = Twogether;
			};
			name = Release;
		};
/* End XCBuildConfiguration section */

/* Begin XCConfigurationList section */
		D12B4BCA2E36D61900B6E1A5 /* Build configuration list for PBXProject "Twogether" */ = {
			isa = XCConfigurationList;
			buildConfigurations = (
				D12B4BEE2E36D61A00B6E1A5 /* Debug */,
				D12B4BEF2E36D61A00B6E1A5 /* Release */,
			);
			defaultConfigurationIsVisible = 0;
			defaultConfigurationName = Release;
		};
		D12B4BF02E36D61A00B6E1A5 /* Build configuration list for PBXNativeTarget "Twogether" */ = {
			isa = XCConfigurationList;
			buildConfigurations = (
				D12B4BF12E36D61A00B6E1A5 /* Debug */,
				D12B4BF22E36D61A00B6E1A5 /* Release */,
			);
			defaultConfigurationIsVisible = 0;
			defaultConfigurationName = Release;
		};
		D12B4BF32E36D61A00B6E1A5 /* Build configuration list for PBXNativeTarget "TwogetherTests" */ = {
			isa = XCConfigurationList;
			buildConfigurations = (
				D12B4BF42E36D61A00B6E1A5 /* Debug */,
				D12B4BF52E36D61A00B6E1A5 /* Release */,
			);
			defaultConfigurationIsVisible = 0;
			defaultConfigurationName = Release;
		};
		D12B4BF62E36D61A00B6E1A5 /* Build configuration list for PBXNativeTarget "TwogetherUITests" */ = {
			isa = XCConfigurationList;
			buildConfigurations = (
				D12B4BF72E36D61A00B6E1A5 /* Debug */,
				D12B4BF82E36D61A00B6E1A5 /* Release */,
			);
			defaultConfigurationIsVisible = 0;
			defaultConfigurationName = Release;
		};
/* End XCConfigurationList section */
	};
	rootObject = D12B4BC72E36D61900B6E1A5 /* Project object */;
}
